// !$*UTF8*$!
{
	archiveVersion = 1;
	classes = {
	};
	objectVersion = 56;
	objects = {

/* Begin PBXBuildFile section */
		3B780B332A93DE70003F82DA /* PersistenceController.swift in Sources */ = {isa = PBXBuildFile; fileRef = 3B780B322A93DE70003F82DA /* PersistenceController.swift */; };
		3B780B362A93DE77003F82DA /* Model.xcdatamodeld in Sources */ = {isa = PBXBuildFile; fileRef = 3B780B342A93DE77003F82DA /* Model.xcdatamodeld */; };
		3B780B382A93DFDC003F82DA /* APIVM.swift in Sources */ = {isa = PBXBuildFile; fileRef = 3B780B372A93DFDC003F82DA /* APIVM.swift */; };
		3B780B3D2A93E337003F82DA /* FrasesView.swift in Sources */ = {isa = PBXBuildFile; fileRef = 3B780B3C2A93E337003F82DA /* FrasesView.swift */; };
		3B780B412A93E50B003F82DA /* FavoritosView.swift in Sources */ = {isa = PBXBuildFile; fileRef = 3B780B402A93E50B003F82DA /* FavoritosView.swift */; };
		62D90F202A96808000B94596 /* FavoritosDetailedView.swift in Sources */ = {isa = PBXBuildFile; fileRef = 62D90F1F2A96808000B94596 /* FavoritosDetailedView.swift */; };
		AB5A1F952A9E27FB001A7094 /* CloudKitUtility.swift in Sources */ = {isa = PBXBuildFile; fileRef = AB5A1F942A9E27FB001A7094 /* CloudKitUtility.swift */; };
		AB5A1F972A9E280A001A7094 /* CloudKitVM.swift in Sources */ = {isa = PBXBuildFile; fileRef = AB5A1F962A9E280A001A7094 /* CloudKitVM.swift */; };
		AB5A1F992A9E2820001A7094 /* CloudKitView.swift in Sources */ = {isa = PBXBuildFile; fileRef = AB5A1F982A9E2820001A7094 /* CloudKitView.swift */; };
		AB5A1F9B2A9E317B001A7094 /* CloudKitModel.swift in Sources */ = {isa = PBXBuildFile; fileRef = AB5A1F9A2A9E317B001A7094 /* CloudKitModel.swift */; };
		AB5A1F9F2A9E5EAC001A7094 /* APIModel.swift in Sources */ = {isa = PBXBuildFile; fileRef = AB5A1F9E2A9E5EAC001A7094 /* APIModel.swift */; };
		B88804362A9009C600645C90 /* Nano3App.swift in Sources */ = {isa = PBXBuildFile; fileRef = B88804352A9009C600645C90 /* Nano3App.swift */; };
		B88804382A9009C600645C90 /* ContentView.swift in Sources */ = {isa = PBXBuildFile; fileRef = B88804372A9009C600645C90 /* ContentView.swift */; };
		B888043A2A9009C700645C90 /* Assets.xcassets in Resources */ = {isa = PBXBuildFile; fileRef = B88804392A9009C700645C90 /* Assets.xcassets */; };
		B888043D2A9009C700645C90 /* Preview Assets.xcassets in Resources */ = {isa = PBXBuildFile; fileRef = B888043C2A9009C700645C90 /* Preview Assets.xcassets */; };
		CEA5DA232A9401B00013CFEE /* APIUtility.swift in Sources */ = {isa = PBXBuildFile; fileRef = CEA5DA212A9401B00013CFEE /* APIUtility.swift */; };
		CEA5DA242A9401B00013CFEE /* Error.swift in Sources */ = {isa = PBXBuildFile; fileRef = CEA5DA222A9401B00013CFEE /* Error.swift */; };
/* End PBXBuildFile section */

/* Begin PBXFileReference section */
		3B780B322A93DE70003F82DA /* PersistenceController.swift */ = {isa = PBXFileReference; lastKnownFileType = sourcecode.swift; path = PersistenceController.swift; sourceTree = "<group>"; };
		3B780B352A93DE77003F82DA /* Model.xcdatamodel */ = {isa = PBXFileReference; lastKnownFileType = wrapper.xcdatamodel; path = Model.xcdatamodel; sourceTree = "<group>"; };
		3B780B372A93DFDC003F82DA /* APIVM.swift */ = {isa = PBXFileReference; lastKnownFileType = sourcecode.swift; path = APIVM.swift; sourceTree = "<group>"; };
		3B780B392A93E259003F82DA /* Nano3.entitlements */ = {isa = PBXFileReference; lastKnownFileType = text.plist.entitlements; path = Nano3.entitlements; sourceTree = "<group>"; };
		3B780B3C2A93E337003F82DA /* FrasesView.swift */ = {isa = PBXFileReference; lastKnownFileType = sourcecode.swift; path = FrasesView.swift; sourceTree = "<group>"; };
		3B780B402A93E50B003F82DA /* FavoritosView.swift */ = {isa = PBXFileReference; lastKnownFileType = sourcecode.swift; path = FavoritosView.swift; sourceTree = "<group>"; };
		62D90F1F2A96808000B94596 /* FavoritosDetailedView.swift */ = {isa = PBXFileReference; lastKnownFileType = sourcecode.swift; path = FavoritosDetailedView.swift; sourceTree = "<group>"; };
		AB5A1F942A9E27FB001A7094 /* CloudKitUtility.swift */ = {isa = PBXFileReference; lastKnownFileType = sourcecode.swift; path = CloudKitUtility.swift; sourceTree = "<group>"; };
		AB5A1F962A9E280A001A7094 /* CloudKitVM.swift */ = {isa = PBXFileReference; lastKnownFileType = sourcecode.swift; path = CloudKitVM.swift; sourceTree = "<group>"; };
		AB5A1F982A9E2820001A7094 /* CloudKitView.swift */ = {isa = PBXFileReference; lastKnownFileType = sourcecode.swift; path = CloudKitView.swift; sourceTree = "<group>"; };
		AB5A1F9A2A9E317B001A7094 /* CloudKitModel.swift */ = {isa = PBXFileReference; lastKnownFileType = sourcecode.swift; path = CloudKitModel.swift; sourceTree = "<group>"; };
		AB5A1F9E2A9E5EAC001A7094 /* APIModel.swift */ = {isa = PBXFileReference; lastKnownFileType = sourcecode.swift; path = APIModel.swift; sourceTree = "<group>"; };
		B88804322A9009C600645C90 /* Nano3.app */ = {isa = PBXFileReference; explicitFileType = wrapper.application; includeInIndex = 0; path = Nano3.app; sourceTree = BUILT_PRODUCTS_DIR; };
		B88804352A9009C600645C90 /* Nano3App.swift */ = {isa = PBXFileReference; lastKnownFileType = sourcecode.swift; path = Nano3App.swift; sourceTree = "<group>"; };
		B88804372A9009C600645C90 /* ContentView.swift */ = {isa = PBXFileReference; lastKnownFileType = sourcecode.swift; path = ContentView.swift; sourceTree = "<group>"; };
		B88804392A9009C700645C90 /* Assets.xcassets */ = {isa = PBXFileReference; lastKnownFileType = folder.assetcatalog; path = Assets.xcassets; sourceTree = "<group>"; };
		B888043C2A9009C700645C90 /* Preview Assets.xcassets */ = {isa = PBXFileReference; lastKnownFileType = folder.assetcatalog; path = "Preview Assets.xcassets"; sourceTree = "<group>"; };
		CEA5DA212A9401B00013CFEE /* APIUtility.swift */ = {isa = PBXFileReference; fileEncoding = 4; lastKnownFileType = sourcecode.swift; path = APIUtility.swift; sourceTree = "<group>"; };
		CEA5DA222A9401B00013CFEE /* Error.swift */ = {isa = PBXFileReference; fileEncoding = 4; lastKnownFileType = sourcecode.swift; path = Error.swift; sourceTree = "<group>"; };
/* End PBXFileReference section */

/* Begin PBXFrameworksBuildPhase section */
		B888042F2A9009C600645C90 /* Frameworks */ = {
			isa = PBXFrameworksBuildPhase;
			buildActionMask = 2147483647;
			files = (
			);
			runOnlyForDeploymentPostprocessing = 0;
		};
/* End PBXFrameworksBuildPhase section */

/* Begin PBXGroup section */
		3B780B312A93DE4B003F82DA /* Persistence */ = {
			isa = PBXGroup;
			children = (
				3B780B322A93DE70003F82DA /* PersistenceController.swift */,
				3B780B342A93DE77003F82DA /* Model.xcdatamodeld */,
			);
			path = Persistence;
			sourceTree = "<group>";
		};
		3B780B3E2A93E340003F82DA /* API */ = {
			isa = PBXGroup;
			children = (
				AB5A1F9E2A9E5EAC001A7094 /* APIModel.swift */,
				3B780B372A93DFDC003F82DA /* APIVM.swift */,
				CEA5DA212A9401B00013CFEE /* APIUtility.swift */,
			);
			path = API;
			sourceTree = "<group>";
		};
		3B780B3F2A93E352003F82DA /* Views */ = {
			isa = PBXGroup;
			children = (
				B88804372A9009C600645C90 /* ContentView.swift */,
				62D90F1F2A96808000B94596 /* FavoritosDetailedView.swift */,
				3B780B402A93E50B003F82DA /* FavoritosView.swift */,
				3B780B3C2A93E337003F82DA /* FrasesView.swift */,
				AB5A1F982A9E2820001A7094 /* CloudKitView.swift */,
			);
			path = Views;
			sourceTree = "<group>";
		};
		AB5A1F932A9E27C9001A7094 /* CloudKit */ = {
			isa = PBXGroup;
			children = (
				AB5A1F9A2A9E317B001A7094 /* CloudKitModel.swift */,
				AB5A1F942A9E27FB001A7094 /* CloudKitUtility.swift */,
				AB5A1F962A9E280A001A7094 /* CloudKitVM.swift */,
			);
			path = CloudKit;
			sourceTree = "<group>";
		};
		AB5A1F9C2A9E5CCC001A7094 /* Erros */ = {
			isa = PBXGroup;
			children = (
				CEA5DA222A9401B00013CFEE /* Error.swift */,
			);
			path = Erros;
			sourceTree = "<group>";
		};
		AB5A1F9D2A9E5CE1001A7094 /* APP */ = {
			isa = PBXGroup;
			children = (
				B88804352A9009C600645C90 /* Nano3App.swift */,
				B88804392A9009C700645C90 /* Assets.xcassets */,
			);
			path = APP;
			sourceTree = "<group>";
		};
		B88804292A9009C600645C90 = {
			isa = PBXGroup;
			children = (
				B88804342A9009C600645C90 /* Nano3 */,
				B88804332A9009C600645C90 /* Products */,
			);
			sourceTree = "<group>";
		};
		B88804332A9009C600645C90 /* Products */ = {
			isa = PBXGroup;
			children = (
				B88804322A9009C600645C90 /* Nano3.app */,
			);
			name = Products;
			sourceTree = "<group>";
		};
		B88804342A9009C600645C90 /* Nano3 */ = {
			isa = PBXGroup;
			children = (
				3B780B392A93E259003F82DA /* Nano3.entitlements */,
				AB5A1F9D2A9E5CE1001A7094 /* APP */,
				3B780B3F2A93E352003F82DA /* Views */,
				3B780B3E2A93E340003F82DA /* API */,
				3B780B312A93DE4B003F82DA /* Persistence */,
				AB5A1F932A9E27C9001A7094 /* CloudKit */,
				AB5A1F9C2A9E5CCC001A7094 /* Erros */,
				B888043B2A9009C700645C90 /* Preview Content */,
			);
			path = Nano3;
			sourceTree = "<group>";
		};
		B888043B2A9009C700645C90 /* Preview Content */ = {
			isa = PBXGroup;
			children = (
				B888043C2A9009C700645C90 /* Preview Assets.xcassets */,
			);
			path = "Preview Content";
			sourceTree = "<group>";
		};
/* End PBXGroup section */

/* Begin PBXNativeTarget section */
		B88804312A9009C600645C90 /* Nano3 */ = {
			isa = PBXNativeTarget;
			buildConfigurationList = B88804402A9009C700645C90 /* Build configuration list for PBXNativeTarget "Nano3" */;
			buildPhases = (
				B888042E2A9009C600645C90 /* Sources */,
				B888042F2A9009C600645C90 /* Frameworks */,
				B88804302A9009C600645C90 /* Resources */,
			);
			buildRules = (
			);
			dependencies = (
			);
			name = Nano3;
			productName = Nano3;
			productReference = B88804322A9009C600645C90 /* Nano3.app */;
			productType = "com.apple.product-type.application";
		};
/* End PBXNativeTarget section */

/* Begin PBXProject section */
		B888042A2A9009C600645C90 /* Project object */ = {
			isa = PBXProject;
			attributes = {
				BuildIndependentTargetsInParallel = 1;
				LastSwiftUpdateCheck = 1430;
				LastUpgradeCheck = 1430;
				TargetAttributes = {
					B88804312A9009C600645C90 = {
						CreatedOnToolsVersion = 14.3.1;
					};
				};
			};
			buildConfigurationList = B888042D2A9009C600645C90 /* Build configuration list for PBXProject "Nano3" */;
			compatibilityVersion = "Xcode 14.0";
			developmentRegion = en;
			hasScannedForEncodings = 0;
			knownRegions = (
				en,
				Base,
			);
			mainGroup = B88804292A9009C600645C90;
			productRefGroup = B88804332A9009C600645C90 /* Products */;
			projectDirPath = "";
			projectRoot = "";
			targets = (
				B88804312A9009C600645C90 /* Nano3 */,
			);
		};
/* End PBXProject section */

/* Begin PBXResourcesBuildPhase section */
		B88804302A9009C600645C90 /* Resources */ = {
			isa = PBXResourcesBuildPhase;
			buildActionMask = 2147483647;
			files = (
				B888043D2A9009C700645C90 /* Preview Assets.xcassets in Resources */,
				B888043A2A9009C700645C90 /* Assets.xcassets in Resources */,
			);
			runOnlyForDeploymentPostprocessing = 0;
		};
/* End PBXResourcesBuildPhase section */

/* Begin PBXSourcesBuildPhase section */
		B888042E2A9009C600645C90 /* Sources */ = {
			isa = PBXSourcesBuildPhase;
			buildActionMask = 2147483647;
			files = (
				3B780B332A93DE70003F82DA /* PersistenceController.swift in Sources */,
				B88804382A9009C600645C90 /* ContentView.swift in Sources */,
				3B780B3D2A93E337003F82DA /* FrasesView.swift in Sources */,
				62D90F202A96808000B94596 /* FavoritosDetailedView.swift in Sources */,
				AB5A1F9F2A9E5EAC001A7094 /* APIModel.swift in Sources */,
				AB5A1F952A9E27FB001A7094 /* CloudKitUtility.swift in Sources */,
				3B780B412A93E50B003F82DA /* FavoritosView.swift in Sources */,
				AB5A1F9B2A9E317B001A7094 /* CloudKitModel.swift in Sources */,
				AB5A1F992A9E2820001A7094 /* CloudKitView.swift in Sources */,
				CEA5DA232A9401B00013CFEE /* APIUtility.swift in Sources */,
				B88804362A9009C600645C90 /* Nano3App.swift in Sources */,
				3B780B382A93DFDC003F82DA /* APIVM.swift in Sources */,
				AB5A1F972A9E280A001A7094 /* CloudKitVM.swift in Sources */,
				CEA5DA242A9401B00013CFEE /* Error.swift in Sources */,
				3B780B362A93DE77003F82DA /* Model.xcdatamodeld in Sources */,
			);
			runOnlyForDeploymentPostprocessing = 0;
		};
/* End PBXSourcesBuildPhase section */

/* Begin XCBuildConfiguration section */
		B888043E2A9009C700645C90 /* Debug */ = {
			isa = XCBuildConfiguration;
			buildSettings = {
				ALWAYS_SEARCH_USER_PATHS = NO;
				CLANG_ANALYZER_NONNULL = YES;
				CLANG_ANALYZER_NUMBER_OBJECT_CONVERSION = YES_AGGRESSIVE;
				CLANG_CXX_LANGUAGE_STANDARD = "gnu++20";
				CLANG_ENABLE_MODULES = YES;
				CLANG_ENABLE_OBJC_ARC = YES;
				CLANG_ENABLE_OBJC_WEAK = YES;
				CLANG_WARN_BLOCK_CAPTURE_AUTORELEASING = YES;
				CLANG_WARN_BOOL_CONVERSION = YES;
				CLANG_WARN_COMMA = YES;
				CLANG_WARN_CONSTANT_CONVERSION = YES;
				CLANG_WARN_DEPRECATED_OBJC_IMPLEMENTATIONS = YES;
				CLANG_WARN_DIRECT_OBJC_ISA_USAGE = YES_ERROR;
				CLANG_WARN_DOCUMENTATION_COMMENTS = YES;
				CLANG_WARN_EMPTY_BODY = YES;
				CLANG_WARN_ENUM_CONVERSION = YES;
				CLANG_WARN_INFINITE_RECURSION = YES;
				CLANG_WARN_INT_CONVERSION = YES;
				CLANG_WARN_NON_LITERAL_NULL_CONVERSION = YES;
				CLANG_WARN_OBJC_IMPLICIT_RETAIN_SELF = YES;
				CLANG_WARN_OBJC_LITERAL_CONVERSION = YES;
				CLANG_WARN_OBJC_ROOT_CLASS = YES_ERROR;
				CLANG_WARN_QUOTED_INCLUDE_IN_FRAMEWORK_HEADER = YES;
				CLANG_WARN_RANGE_LOOP_ANALYSIS = YES;
				CLANG_WARN_STRICT_PROTOTYPES = YES;
				CLANG_WARN_SUSPICIOUS_MOVE = YES;
				CLANG_WARN_UNGUARDED_AVAILABILITY = YES_AGGRESSIVE;
				CLANG_WARN_UNREACHABLE_CODE = YES;
				CLANG_WARN__DUPLICATE_METHOD_MATCH = YES;
				COPY_PHASE_STRIP = NO;
				DEBUG_INFORMATION_FORMAT = dwarf;
				ENABLE_STRICT_OBJC_MSGSEND = YES;
				ENABLE_TESTABILITY = YES;
				GCC_C_LANGUAGE_STANDARD = gnu11;
				GCC_DYNAMIC_NO_PIC = NO;
				GCC_NO_COMMON_BLOCKS = YES;
				GCC_OPTIMIZATION_LEVEL = 0;
				GCC_PREPROCESSOR_DEFINITIONS = (
					"DEBUG=1",
					"$(inherited)",
				);
				GCC_WARN_64_TO_32_BIT_CONVERSION = YES;
				GCC_WARN_ABOUT_RETURN_TYPE = YES_ERROR;
				GCC_WARN_UNDECLARED_SELECTOR = YES;
				GCC_WARN_UNINITIALIZED_AUTOS = YES_AGGRESSIVE;
				GCC_WARN_UNUSED_FUNCTION = YES;
				GCC_WARN_UNUSED_VARIABLE = YES;
				IPHONEOS_DEPLOYMENT_TARGET = 16.4;
				MTL_ENABLE_DEBUG_INFO = INCLUDE_SOURCE;
				MTL_FAST_MATH = YES;
				ONLY_ACTIVE_ARCH = YES;
				SDKROOT = iphoneos;
				SWIFT_ACTIVE_COMPILATION_CONDITIONS = DEBUG;
				SWIFT_OPTIMIZATION_LEVEL = "-Onone";
			};
			name = Debug;
		};
		B888043F2A9009C700645C90 /* Release */ = {
			isa = XCBuildConfiguration;
			buildSettings = {
				ALWAYS_SEARCH_USER_PATHS = NO;
				CLANG_ANALYZER_NONNULL = YES;
				CLANG_ANALYZER_NUMBER_OBJECT_CONVERSION = YES_AGGRESSIVE;
				CLANG_CXX_LANGUAGE_STANDARD = "gnu++20";
				CLANG_ENABLE_MODULES = YES;
				CLANG_ENABLE_OBJC_ARC = YES;
				CLANG_ENABLE_OBJC_WEAK = YES;
				CLANG_WARN_BLOCK_CAPTURE_AUTORELEASING = YES;
				CLANG_WARN_BOOL_CONVERSION = YES;
				CLANG_WARN_COMMA = YES;
				CLANG_WARN_CONSTANT_CONVERSION = YES;
				CLANG_WARN_DEPRECATED_OBJC_IMPLEMENTATIONS = YES;
				CLANG_WARN_DIRECT_OBJC_ISA_USAGE = YES_ERROR;
				CLANG_WARN_DOCUMENTATION_COMMENTS = YES;
				CLANG_WARN_EMPTY_BODY = YES;
				CLANG_WARN_ENUM_CONVERSION = YES;
				CLANG_WARN_INFINITE_RECURSION = YES;
				CLANG_WARN_INT_CONVERSION = YES;
				CLANG_WARN_NON_LITERAL_NULL_CONVERSION = YES;
				CLANG_WARN_OBJC_IMPLICIT_RETAIN_SELF = YES;
				CLANG_WARN_OBJC_LITERAL_CONVERSION = YES;
				CLANG_WARN_OBJC_ROOT_CLASS = YES_ERROR;
				CLANG_WARN_QUOTED_INCLUDE_IN_FRAMEWORK_HEADER = YES;
				CLANG_WARN_RANGE_LOOP_ANALYSIS = YES;
				CLANG_WARN_STRICT_PROTOTYPES = YES;
				CLANG_WARN_SUSPICIOUS_MOVE = YES;
				CLANG_WARN_UNGUARDED_AVAILABILITY = YES_AGGRESSIVE;
				CLANG_WARN_UNREACHABLE_CODE = YES;
				CLANG_WARN__DUPLICATE_METHOD_MATCH = YES;
				COPY_PHASE_STRIP = NO;
				DEBUG_INFORMATION_FORMAT = "dwarf-with-dsym";
				ENABLE_NS_ASSERTIONS = NO;
				ENABLE_STRICT_OBJC_MSGSEND = YES;
				GCC_C_LANGUAGE_STANDARD = gnu11;
				GCC_NO_COMMON_BLOCKS = YES;
				GCC_WARN_64_TO_32_BIT_CONVERSION = YES;
				GCC_WARN_ABOUT_RETURN_TYPE = YES_ERROR;
				GCC_WARN_UNDECLARED_SELECTOR = YES;
				GCC_WARN_UNINITIALIZED_AUTOS = YES_AGGRESSIVE;
				GCC_WARN_UNUSED_FUNCTION = YES;
				GCC_WARN_UNUSED_VARIABLE = YES;
				IPHONEOS_DEPLOYMENT_TARGET = 16.4;
				MTL_ENABLE_DEBUG_INFO = NO;
				MTL_FAST_MATH = YES;
				SDKROOT = iphoneos;
				SWIFT_COMPILATION_MODE = wholemodule;
				SWIFT_OPTIMIZATION_LEVEL = "-O";
				VALIDATE_PRODUCT = YES;
			};
			name = Release;
		};
		B88804412A9009C700645C90 /* Debug */ = {
			isa = XCBuildConfiguration;
			buildSettings = {
				ASSETCATALOG_COMPILER_APPICON_NAME = AppIcon;
				ASSETCATALOG_COMPILER_GLOBAL_ACCENT_COLOR_NAME = AccentColor;
				CODE_SIGN_ENTITLEMENTS = Nano3/Nano3.entitlements;
				CODE_SIGN_STYLE = Automatic;
				CURRENT_PROJECT_VERSION = 1;
				DEVELOPMENT_ASSET_PATHS = "\"Nano3/Preview Content\"";
				DEVELOPMENT_TEAM = 6FXWX5Z987;
				ENABLE_PREVIEWS = YES;
				GENERATE_INFOPLIST_FILE = YES;
				INFOPLIST_KEY_UIApplicationSceneManifest_Generation = YES;
				INFOPLIST_KEY_UIApplicationSupportsIndirectInputEvents = YES;
				INFOPLIST_KEY_UILaunchScreen_Generation = YES;
				INFOPLIST_KEY_UISupportedInterfaceOrientations_iPad = "UIInterfaceOrientationPortrait UIInterfaceOrientationPortraitUpsideDown UIInterfaceOrientationLandscapeLeft UIInterfaceOrientationLandscapeRight";
				INFOPLIST_KEY_UISupportedInterfaceOrientations_iPhone = "UIInterfaceOrientationPortrait UIInterfaceOrientationLandscapeLeft UIInterfaceOrientationLandscapeRight";
				LD_RUNPATH_SEARCH_PATHS = (
					"$(inherited)",
					"@executable_path/Frameworks",
				);
				MARKETING_VERSION = 1.0;
				PRODUCT_BUNDLE_IDENTIFIER = Nano3;
				PRODUCT_NAME = "$(TARGET_NAME)";
				SWIFT_EMIT_LOC_STRINGS = YES;
				SWIFT_VERSION = 5.0;
				TARGETED_DEVICE_FAMILY = "1,2";
			};
			name = Debug;
		};
		B88804422A9009C700645C90 /* Release */ = {
			isa = XCBuildConfiguration;
			buildSettings = {
				ASSETCATALOG_COMPILER_APPICON_NAME = AppIcon;
				ASSETCATALOG_COMPILER_GLOBAL_ACCENT_COLOR_NAME = AccentColor;
				CODE_SIGN_ENTITLEMENTS = Nano3/Nano3.entitlements;
				CODE_SIGN_STYLE = Automatic;
				CURRENT_PROJECT_VERSION = 1;
				DEVELOPMENT_ASSET_PATHS = "\"Nano3/Preview Content\"";
				DEVELOPMENT_TEAM = 6FXWX5Z987;
				ENABLE_PREVIEWS = YES;
				GENERATE_INFOPLIST_FILE = YES;
				INFOPLIST_KEY_UIApplicationSceneManifest_Generation = YES;
				INFOPLIST_KEY_UIApplicationSupportsIndirectInputEvents = YES;
				INFOPLIST_KEY_UILaunchScreen_Generation = YES;
				INFOPLIST_KEY_UISupportedInterfaceOrientations_iPad = "UIInterfaceOrientationPortrait UIInterfaceOrientationPortraitUpsideDown UIInterfaceOrientationLandscapeLeft UIInterfaceOrientationLandscapeRight";
				INFOPLIST_KEY_UISupportedInterfaceOrientations_iPhone = "UIInterfaceOrientationPortrait UIInterfaceOrientationLandscapeLeft UIInterfaceOrientationLandscapeRight";
				LD_RUNPATH_SEARCH_PATHS = (
					"$(inherited)",
					"@executable_path/Frameworks",
				);
				MARKETING_VERSION = 1.0;
				PRODUCT_BUNDLE_IDENTIFIER = Nano3;
				PRODUCT_NAME = "$(TARGET_NAME)";
				SWIFT_EMIT_LOC_STRINGS = YES;
				SWIFT_VERSION = 5.0;
				TARGETED_DEVICE_FAMILY = "1,2";
			};
			name = Release;
		};
/* End XCBuildConfiguration section */

/* Begin XCConfigurationList section */
		B888042D2A9009C600645C90 /* Build configuration list for PBXProject "Nano3" */ = {
			isa = XCConfigurationList;
			buildConfigurations = (
				B888043E2A9009C700645C90 /* Debug */,
				B888043F2A9009C700645C90 /* Release */,
			);
			defaultConfigurationIsVisible = 0;
			defaultConfigurationName = Release;
		};
		B88804402A9009C700645C90 /* Build configuration list for PBXNativeTarget "Nano3" */ = {
			isa = XCConfigurationList;
			buildConfigurations = (
				B88804412A9009C700645C90 /* Debug */,
				B88804422A9009C700645C90 /* Release */,
			);
			defaultConfigurationIsVisible = 0;
			defaultConfigurationName = Release;
		};
/* End XCConfigurationList section */

/* Begin XCVersionGroup section */
		3B780B342A93DE77003F82DA /* Model.xcdatamodeld */ = {
			isa = XCVersionGroup;
			children = (
				3B780B352A93DE77003F82DA /* Model.xcdatamodel */,
			);
			currentVersion = 3B780B352A93DE77003F82DA /* Model.xcdatamodel */;
			path = Model.xcdatamodeld;
			sourceTree = "<group>";
			versionGroupType = wrapper.xcdatamodel;
		};
/* End XCVersionGroup section */
	};
	rootObject = B888042A2A9009C600645C90 /* Project object */;
}
